
Microsoft Visual Studio Solution File, Format Version 12.00
# Visual Studio Version 16
VisualStudioVersion = 16.0.30320.27
MinimumVisualStudioVersion = 10.0.40219.1
Project("{FAE04EC0-301F-11D3-BF4B-00C04F79EFBC}") = "KitchenRoutingManagement", "KitchenRoutingManagement\KitchenRoutingManagement.csproj", "{58B598E3-5721-49C3-8AA9-82E41C80417F}"
EndProject
Global
	GlobalSection(SolutionConfigurationPlatforms) = preSolution
		Debug|Any CPU = Debug|Any CPU
		Release|Any CPU = Release|Any CPU
	EndGlobalSection
	GlobalSection(ProjectConfigurationPlatforms) = postSolution
		{58B598E3-5721-49C3-8AA9-82E41C80417F}.Debug|Any CPU.ActiveCfg = Debug|Any CPU
		{58B598E3-5721-49C3-8AA9-82E41C80417F}.Debug|Any CPU.Build.0 = Debug|Any CPU
		{58B598E3-5721-49C3-8AA9-82E41C80417F}.Release|Any CPU.ActiveCfg = Release|Any CPU
		{58B598E3-5721-49C3-8AA9-82E41C80417F}.Release|Any CPU.Build.0 = Release|Any CPU
	EndGlobalSection
	GlobalSection(SolutionProperties) = preSolution
		HideSolutionNode = FALSE
	EndGlobalSection
	GlobalSection(ExtensibilityGlobals) = postSolution
		SolutionGuid = {2F553BD3-23A9-4B94-BD64-248BACA35906}
	EndGlobalSection
EndGlobal
